// !$*UTF8*$!
{
	archiveVersion = 1;
	classes = {
	};
	objectVersion = 46;
	objects = {

/* Begin PBXBuildFile section */
		FAA959DD19591DCC00EA3150 /* Foundation.framework in Frameworks */ = {isa = PBXBuildFile; fileRef = FAA959DC19591DCC00EA3150 /* Foundation.framework */; };
		FAA959DF19591DCC00EA3150 /* CoreGraphics.framework in Frameworks */ = {isa = PBXBuildFile; fileRef = FAA959DE19591DCC00EA3150 /* CoreGraphics.framework */; };
		FAA959E119591DCC00EA3150 /* UIKit.framework in Frameworks */ = {isa = PBXBuildFile; fileRef = FAA959E019591DCC00EA3150 /* UIKit.framework */; };
		FAA959E719591DCC00EA3150 /* InfoPlist.strings in Resources */ = {isa = PBXBuildFile; fileRef = FAA959E519591DCC00EA3150 /* InfoPlist.strings */; };
		FAA959E919591DCC00EA3150 /* main.m in Sources */ = {isa = PBXBuildFile; fileRef = FAA959E819591DCC00EA3150 /* main.m */; };
		FAA959ED19591DCC00EA3150 /* OCJAppDelegate.m in Sources */ = {isa = PBXBuildFile; fileRef = FAA959EC19591DCC00EA3150 /* OCJAppDelegate.m */; };
		FAA959EF19591DCC00EA3150 /* Images.xcassets in Resources */ = {isa = PBXBuildFile; fileRef = FAA959EE19591DCC00EA3150 /* Images.xcassets */; };
		FAA959F619591DCC00EA3150 /* XCTest.framework in Frameworks */ = {isa = PBXBuildFile; fileRef = FAA959F519591DCC00EA3150 /* XCTest.framework */; };
		FAA959F719591DCD00EA3150 /* Foundation.framework in Frameworks */ = {isa = PBXBuildFile; fileRef = FAA959DC19591DCC00EA3150 /* Foundation.framework */; };
		FAA959F819591DCD00EA3150 /* UIKit.framework in Frameworks */ = {isa = PBXBuildFile; fileRef = FAA959E019591DCC00EA3150 /* UIKit.framework */; };
		FAA95A0019591DCD00EA3150 /* InfoPlist.strings in Resources */ = {isa = PBXBuildFile; fileRef = FAA959FE19591DCD00EA3150 /* InfoPlist.strings */; };
		FAA95A0219591DCD00EA3150 /* PDFDownloadAndReadTests.m in Sources */ = {isa = PBXBuildFile; fileRef = FAA95A0119591DCD00EA3150 /* PDFDownloadAndReadTests.m */; };
/* End PBXBuildFile section */

/* Begin PBXContainerItemProxy section */
		FAA959F919591DCD00EA3150 /* PBXContainerItemProxy */ = {
			isa = PBXContainerItemProxy;
			containerPortal = FAA959D119591DCC00EA3150 /* Project object */;
			proxyType = 1;
			remoteGlobalIDString = FAA959D819591DCC00EA3150;
			remoteInfo = PDFDownloadAndRead;
		};
/* End PBXContainerItemProxy section */

/* Begin PBXFileReference section */
		FAA959D919591DCC00EA3150 /* PDFDownloadAndRead.app */ = {isa = PBXFileReference; explicitFileType = wrapper.application; includeInIndex = 0; path = PDFDownloadAndRead.app; sourceTree = BUILT_PRODUCTS_DIR; };
		FAA959DC19591DCC00EA3150 /* Foundation.framework */ = {isa = PBXFileReference; lastKnownFileType = wrapper.framework; name = Foundation.framework; path = System/Library/Frameworks/Foundation.framework; sourceTree = SDKROOT; };
		FAA959DE19591DCC00EA3150 /* CoreGraphics.framework */ = {isa = PBXFileReference; lastKnownFileType = wrapper.framework; name = CoreGraphics.framework; path = System/Library/Frameworks/CoreGraphics.framework; sourceTree = SDKROOT; };
		FAA959E019591DCC00EA3150 /* UIKit.framework */ = {isa = PBXFileReference; lastKnownFileType = wrapper.framework; name = UIKit.framework; path = System/Library/Frameworks/UIKit.framework; sourceTree = SDKROOT; };
		FAA959E419591DCC00EA3150 /* PDFDownloadAndRead-Info.plist */ = {isa = PBXFileReference; lastKnownFileType = text.plist.xml; path = "PDFDownloadAndRead-Info.plist"; sourceTree = "<group>"; };
		FAA959E619591DCC00EA3150 /* en */ = {isa = PBXFileReference; lastKnownFileType = text.plist.strings; name = en; path = en.lproj/InfoPlist.strings; sourceTree = "<group>"; };
		FAA959E819591DCC00EA3150 /* main.m */ = {isa = PBXFileReference; lastKnownFileType = sourcecode.c.objc; path = main.m; sourceTree = "<group>"; };
		FAA959EA19591DCC00EA3150 /* PDFDownloadAndRead-Prefix.pch */ = {isa = PBXFileReference; lastKnownFileType = sourcecode.c.h; path = "PDFDownloadAndRead-Prefix.pch"; sourceTree = "<group>"; };
		FAA959EB19591DCC00EA3150 /* OCJAppDelegate.h */ = {isa = PBXFileReference; lastKnownFileType = sourcecode.c.h; path = OCJAppDelegate.h; sourceTree = "<group>"; };
		FAA959EC19591DCC00EA3150 /* OCJAppDelegate.m */ = {isa = PBXFileReference; lastKnownFileType = sourcecode.c.objc; path = OCJAppDelegate.m; sourceTree = "<group>"; };
		FAA959EE19591DCC00EA3150 /* Images.xcassets */ = {isa = PBXFileReference; lastKnownFileType = folder.assetcatalog; path = Images.xcassets; sourceTree = "<group>"; };
		FAA959F419591DCC00EA3150 /* PDFDownloadAndReadTests.xctest */ = {isa = PBXFileReference; explicitFileType = wrapper.cfbundle; includeInIndex = 0; path = PDFDownloadAndReadTests.xctest; sourceTree = BUILT_PRODUCTS_DIR; };
		FAA959F519591DCC00EA3150 /* XCTest.framework */ = {isa = PBXFileReference; lastKnownFileType = wrapper.framework; name = XCTest.framework; path = Library/Frameworks/XCTest.framework; sourceTree = DEVELOPER_DIR; };
		FAA959FD19591DCD00EA3150 /* PDFDownloadAndReadTests-Info.plist */ = {isa = PBXFileReference; lastKnownFileType = text.plist.xml; path = "PDFDownloadAndReadTests-Info.plist"; sourceTree = "<group>"; };
		FAA959FF19591DCD00EA3150 /* en */ = {isa = PBXFileReference; lastKnownFileType = text.plist.strings; name = en; path = en.lproj/InfoPlist.strings; sourceTree = "<group>"; };
		FAA95A0119591DCD00EA3150 /* PDFDownloadAndReadTests.m */ = {isa = PBXFileReference; lastKnownFileType = sourcecode.c.objc; path = PDFDownloadAndReadTests.m; sourceTree = "<group>"; };
/* End PBXFileReference section */

/* Begin PBXFrameworksBuildPhase section */
		FAA959D619591DCC00EA3150 /* Frameworks */ = {
			isa = PBXFrameworksBuildPhase;
			buildActionMask = 2147483647;
			files = (
				FAA959DF19591DCC00EA3150 /* CoreGraphics.framework in Frameworks */,
				FAA959E119591DCC00EA3150 /* UIKit.framework in Frameworks */,
				FAA959DD19591DCC00EA3150 /* Foundation.framework in Frameworks */,
			);
			runOnlyForDeploymentPostprocessing = 0;
		};
		FAA959F119591DCC00EA3150 /* Frameworks */ = {
			isa = PBXFrameworksBuildPhase;
			buildActionMask = 2147483647;
			files = (
				FAA959F619591DCC00EA3150 /* XCTest.framework in Frameworks */,
				FAA959F819591DCD00EA3150 /* UIKit.framework in Frameworks */,
				FAA959F719591DCD00EA3150 /* Foundation.framework in Frameworks */,
			);
			runOnlyForDeploymentPostprocessing = 0;
		};
/* End PBXFrameworksBuildPhase section */

/* Begin PBXGroup section */
		FAA959D019591DCC00EA3150 = {
			isa = PBXGroup;
			children = (
				FAA959E219591DCC00EA3150 /* PDFDownloadAndRead */,
				FAA959FB19591DCD00EA3150 /* PDFDownloadAndReadTests */,
				FAA959DB19591DCC00EA3150 /* Frameworks */,
				FAA959DA19591DCC00EA3150 /* Products */,
			);
			sourceTree = "<group>";
		};
		FAA959DA19591DCC00EA3150 /* Products */ = {
			isa = PBXGroup;
			children = (
				FAA959D919591DCC00EA3150 /* PDFDownloadAndRead.app */,
				FAA959F419591DCC00EA3150 /* PDFDownloadAndReadTests.xctest */,
			);
			name = Products;
			sourceTree = "<group>";
		};
		FAA959DB19591DCC00EA3150 /* Frameworks */ = {
			isa = PBXGroup;
			children = (
				FAA959DC19591DCC00EA3150 /* Foundation.framework */,
				FAA959DE19591DCC00EA3150 /* CoreGraphics.framework */,
				FAA959E019591DCC00EA3150 /* UIKit.framework */,
				FAA959F519591DCC00EA3150 /* XCTest.framework */,
			);
			name = Frameworks;
			sourceTree = "<group>";
		};
		FAA959E219591DCC00EA3150 /* PDFDownloadAndRead */ = {
			isa = PBXGroup;
			children = (
				FAA959EB19591DCC00EA3150 /* OCJAppDelegate.h */,
				FAA959EC19591DCC00EA3150 /* OCJAppDelegate.m */,
				FAA959EE19591DCC00EA3150 /* Images.xcassets */,
				FAA959E319591DCC00EA3150 /* Supporting Files */,
			);
			path = PDFDownloadAndRead;
			sourceTree = "<group>";
		};
		FAA959E319591DCC00EA3150 /* Supporting Files */ = {
			isa = PBXGroup;
			children = (
				FAA959E419591DCC00EA3150 /* PDFDownloadAndRead-Info.plist */,
				FAA959E519591DCC00EA3150 /* InfoPlist.strings */,
				FAA959E819591DCC00EA3150 /* main.m */,
				FAA959EA19591DCC00EA3150 /* PDFDownloadAndRead-Prefix.pch */,
			);
			name = "Supporting Files";
			sourceTree = "<group>";
		};
		FAA959FB19591DCD00EA3150 /* PDFDownloadAndReadTests */ = {
			isa = PBXGroup;
			children = (
				FAA95A0119591DCD00EA3150 /* PDFDownloadAndReadTests.m */,
				FAA959FC19591DCD00EA3150 /* Supporting Files */,
			);
			path = PDFDownloadAndReadTests;
			sourceTree = "<group>";
		};
		FAA959FC19591DCD00EA3150 /* Supporting Files */ = {
			isa = PBXGroup;
			children = (
				FAA959FD19591DCD00EA3150 /* PDFDownloadAndReadTests-Info.plist */,
				FAA959FE19591DCD00EA3150 /* InfoPlist.strings */,
			);
			name = "Supporting Files";
			sourceTree = "<group>";
		};
/* End PBXGroup section */

/* Begin PBXNativeTarget section */
		FAA959D819591DCC00EA3150 /* PDFDownloadAndRead */ = {
			isa = PBXNativeTarget;
			buildConfigurationList = FAA95A0519591DCD00EA3150 /* Build configuration list for PBXNativeTarget "PDFDownloadAndRead" */;
			buildPhases = (
				FAA959D519591DCC00EA3150 /* Sources */,
				FAA959D619591DCC00EA3150 /* Frameworks */,
				FAA959D719591DCC00EA3150 /* Resources */,
			);
			buildRules = (
			);
			dependencies = (
			);
			name = PDFDownloadAndRead;
			productName = PDFDownloadAndRead;
			productReference = FAA959D919591DCC00EA3150 /* PDFDownloadAndRead.app */;
			productType = "com.apple.product-type.application";
		};
		FAA959F319591DCC00EA3150 /* PDFDownloadAndReadTests */ = {
			isa = PBXNativeTarget;
			buildConfigurationList = FAA95A0819591DCD00EA3150 /* Build configuration list for PBXNativeTarget "PDFDownloadAndReadTests" */;
			buildPhases = (
				FAA959F019591DCC00EA3150 /* Sources */,
				FAA959F119591DCC00EA3150 /* Frameworks */,
				FAA959F219591DCC00EA3150 /* Resources */,
			);
			buildRules = (
			);
			dependencies = (
				FAA959FA19591DCD00EA3150 /* PBXTargetDependency */,
			);
			name = PDFDownloadAndReadTests;
			productName = PDFDownloadAndReadTests;
			productReference = FAA959F419591DCC00EA3150 /* PDFDownloadAndReadTests.xctest */;
			productType = "com.apple.product-type.bundle.unit-test";
		};
/* End PBXNativeTarget section */

/* Begin PBXProject section */
		FAA959D119591DCC00EA3150 /* Project object */ = {
			isa = PBXProject;
			attributes = {
				CLASSPREFIX = OCJ;
				LastUpgradeCheck = 0510;
				ORGANIZATIONNAME = OCJ;
				TargetAttributes = {
					FAA959F319591DCC00EA3150 = {
						TestTargetID = FAA959D819591DCC00EA3150;
					};
				};
			};
			buildConfigurationList = FAA959D419591DCC00EA3150 /* Build configuration list for PBXProject "PDFDownloadAndRead" */;
			compatibilityVersion = "Xcode 3.2";
			developmentRegion = English;
			hasScannedForEncodings = 0;
			knownRegions = (
				en,
			);
			mainGroup = FAA959D019591DCC00EA3150;
			productRefGroup = FAA959DA19591DCC00EA3150 /* Products */;
			projectDirPath = "";
			projectRoot = "";
			targets = (
				FAA959D819591DCC00EA3150 /* PDFDownloadAndRead */,
				FAA959F319591DCC00EA3150 /* PDFDownloadAndReadTests */,
			);
		};
/* End PBXProject section */

/* Begin PBXResourcesBuildPhase section */
		FAA959D719591DCC00EA3150 /* Resources */ = {
			isa = PBXResourcesBuildPhase;
			buildActionMask = 2147483647;
			files = (
				FAA959E719591DCC00EA3150 /* InfoPlist.strings in Resources */,
				FAA959EF19591DCC00EA3150 /* Images.xcassets in Resources */,
			);
			runOnlyForDeploymentPostprocessing = 0;
		};
		FAA959F219591DCC00EA3150 /* Resources */ = {
			isa = PBXResourcesBuildPhase;
			buildActionMask = 2147483647;
			files = (
				FAA95A0019591DCD00EA3150 /* InfoPlist.strings in Resources */,
			);
			runOnlyForDeploymentPostprocessing = 0;
		};
/* End PBXResourcesBuildPhase section */

/* Begin PBXSourcesBuildPhase section */
		FAA959D519591DCC00EA3150 /* Sources */ = {
			isa = PBXSourcesBuildPhase;
			buildActionMask = 2147483647;
			files = (
				FAA959E919591DCC00EA3150 /* main.m in Sources */,
				FAA959ED19591DCC00EA3150 /* OCJAppDelegate.m in Sources */,
			);
			runOnlyForDeploymentPostprocessing = 0;
		};
		FAA959F019591DCC00EA3150 /* Sources */ = {
			isa = PBXSourcesBuildPhase;
			buildActionMask = 2147483647;
			files = (
				FAA95A0219591DCD00EA3150 /* PDFDownloadAndReadTests.m in Sources */,
			);
			runOnlyForDeploymentPostprocessing = 0;
		};
/* End PBXSourcesBuildPhase section */

/* Begin PBXTargetDependency section */
		FAA959FA19591DCD00EA3150 /* PBXTargetDependency */ = {
			isa = PBXTargetDependency;
			target = FAA959D819591DCC00EA3150 /* PDFDownloadAndRead */;
			targetProxy = FAA959F919591DCD00EA3150 /* PBXContainerItemProxy */;
		};
/* End PBXTargetDependency section */

/* Begin PBXVariantGroup section */
		FAA959E519591DCC00EA3150 /* InfoPlist.strings */ = {
			isa = PBXVariantGroup;
			children = (
				FAA959E619591DCC00EA3150 /* en */,
			);
			name = InfoPlist.strings;
			sourceTree = "<group>";
		};
		FAA959FE19591DCD00EA3150 /* InfoPlist.strings */ = {
			isa = PBXVariantGroup;
			children = (
				FAA959FF19591DCD00EA3150 /* en */,
			);
			name = InfoPlist.strings;
			sourceTree = "<group>";
		};
/* End PBXVariantGroup section */

/* Begin XCBuildConfiguration section */
		FAA95A0319591DCD00EA3150 /* Debug */ = {
			isa = XCBuildConfiguration;
			buildSettings = {
				ALWAYS_SEARCH_USER_PATHS = NO;
				CLANG_CXX_LANGUAGE_STANDARD = "gnu++0x";
				CLANG_CXX_LIBRARY = "libc++";
				CLANG_ENABLE_MODULES = YES;
				CLANG_ENABLE_OBJC_ARC = YES;
				CLANG_WARN_BOOL_CONVERSION = YES;
				CLANG_WARN_CONSTANT_CONVERSION = YES;
				CLANG_WARN_DIRECT_OBJC_ISA_USAGE = YES_ERROR;
				CLANG_WARN_EMPTY_BODY = YES;
				CLANG_WARN_ENUM_CONVERSION = YES;
				CLANG_WARN_INT_CONVERSION = YES;
				CLANG_WARN_OBJC_ROOT_CLASS = YES_ERROR;
				CLANG_WARN__DUPLICATE_METHOD_MATCH = YES;
				"CODE_SIGN_IDENTITY[sdk=iphoneos*]" = "iPhone Developer";
				COPY_PHASE_STRIP = NO;
				GCC_C_LANGUAGE_STANDARD = gnu99;
				GCC_DYNAMIC_NO_PIC = NO;
				GCC_OPTIMIZATION_LEVEL = 0;
				GCC_PREPROCESSOR_DEFINITIONS = (
					"DEBUG=1",
					"$(inherited)",
				);
				GCC_SYMBOLS_PRIVATE_EXTERN = NO;
				GCC_WARN_64_TO_32_BIT_CONVERSION = YES;
				GCC_WARN_ABOUT_RETURN_TYPE = YES_ERROR;
				GCC_WARN_UNDECLARED_SELECTOR = YES;
				GCC_WARN_UNINITIALIZED_AUTOS = YES_AGGRESSIVE;
				GCC_WARN_UNUSED_FUNCTION = YES;
				GCC_WARN_UNUSED_VARIABLE = YES;
				IPHONEOS_DEPLOYMENT_TARGET = 7.1;
				ONLY_ACTIVE_ARCH = YES;
				SDKROOT = iphoneos;
			};
			name = Debug;
		};
		FAA95A0419591DCD00EA3150 /* Release */ = {
			isa = XCBuildConfiguration;
			buildSettings = {
				ALWAYS_SEARCH_USER_PATHS = NO;
				CLANG_CXX_LANGUAGE_STANDARD = "gnu++0x";
				CLANG_CXX_LIBRARY = "libc++";
				CLANG_ENABLE_MODULES = YES;
				CLANG_ENABLE_OBJC_ARC = YES;
				CLANG_WARN_BOOL_CONVERSION = YES;
				CLANG_WARN_CONSTANT_CONVERSION = YES;
				CLANG_WARN_DIRECT_OBJC_ISA_USAGE = YES_ERROR;
				CLANG_WARN_EMPTY_BODY = YES;
				CLANG_WARN_ENUM_CONVERSION = YES;
				CLANG_WARN_INT_CONVERSION = YES;
				CLANG_WARN_OBJC_ROOT_CLASS = YES_ERROR;
				CLANG_WARN__DUPLICATE_METHOD_MATCH = YES;
				"CODE_SIGN_IDENTITY[sdk=iphoneos*]" = "iPhone Developer";
				COPY_PHASE_STRIP = YES;
				ENABLE_NS_ASSERTIONS = NO;
				GCC_C_LANGUAGE_STANDARD = gnu99;
				GCC_WARN_64_TO_32_BIT_CONVERSION = YES;
				GCC_WARN_ABOUT_RETURN_TYPE = YES_ERROR;
				GCC_WARN_UNDECLARED_SELECTOR = YES;
				GCC_WARN_UNINITIALIZED_AUTOS = YES_AGGRESSIVE;
				GCC_WARN_UNUSED_FUNCTION = YES;
				GCC_WARN_UNUSED_VARIABLE = YES;
				IPHONEOS_DEPLOYMENT_TARGET = 7.1;
				SDKROOT = iphoneos;
				VALIDATE_PRODUCT = YES;
			};
			name = Release;
		};
		FAA95A0619591DCD00EA3150 /* Debug */ = {
			isa = XCBuildConfiguration;
			buildSettings = {
				ASSETCATALOG_COMPILER_APPICON_NAME = AppIcon;
				ASSETCATALOG_COMPILER_LAUNCHIMAGE_NAME = LaunchImage;
				GCC_PRECOMPILE_PREFIX_HEADER = YES;
				GCC_PREFIX_HEADER = "PDFDownloadAndRead/PDFDownloadAndRead-Prefix.pch";
				INFOPLIST_FILE = "PDFDownloadAndRead/PDFDownloadAndRead-Info.plist";
				PRODUCT_NAME = "$(TARGET_NAME)";
				WRAPPER_EXTENSION = app;
			};
			name = Debug;
		};
		FAA95A0719591DCD00EA3150 /* Release */ = {
			isa = XCBuildConfiguration;
			buildSettings = {
				ASSETCATALOG_COMPILER_APPICON_NAME = AppIcon;
				ASSETCATALOG_COMPILER_LAUNCHIMAGE_NAME = LaunchImage;
				GCC_PRECOMPILE_PREFIX_HEADER = YES;
				GCC_PREFIX_HEADER = "PDFDownloadAndRead/PDFDownloadAndRead-Prefix.pch";
				INFOPLIST_FILE = "PDFDownloadAndRead/PDFDownloadAndRead-Info.plist";
				PRODUCT_NAME = "$(TARGET_NAME)";
				WRAPPER_EXTENSION = app;
			};
			name = Release;
		};
		FAA95A0919591DCD00EA3150 /* Debug */ = {
			isa = XCBuildConfiguration;
			buildSettings = {
				BUNDLE_LOADER = "$(BUILT_PRODUCTS_DIR)/PDFDownloadAndRead.app/PDFDownloadAndRead";
				FRAMEWORK_SEARCH_PATHS = (
					"$(SDKROOT)/Developer/Library/Frameworks",
					"$(inherited)",
					"$(DEVELOPER_FRAMEWORKS_DIR)",
				);
				GCC_PRECOMPILE_PREFIX_HEADER = YES;
				GCC_PREFIX_HEADER = "PDFDownloadAndRead/PDFDownloadAndRead-Prefix.pch";
				GCC_PREPROCESSOR_DEFINITIONS = (
					"DEBUG=1",
					"$(inherited)",
				);
				INFOPLIST_FILE = "PDFDownloadAndReadTests/PDFDownloadAndReadTests-Info.plist";
				PRODUCT_NAME = "$(TARGET_NAME)";
				TEST_HOST = "$(BUNDLE_LOADER)";
				WRAPPER_EXTENSION = xctest;
			};
			name = Debug;
		};
		FAA95A0A19591DCD00EA3150 /* Release */ = {
			isa = XCBuildConfiguration;
			buildSettings = {
				BUNDLE_LOADER = "$(BUILT_PRODUCTS_DIR)/PDFDownloadAndRead.app/PDFDownloadAndRead";
				FRAMEWORK_SEARCH_PATHS = (
					"$(SDKROOT)/Developer/Library/Frameworks",
					"$(inherited)",
					"$(DEVELOPER_FRAMEWORKS_DIR)",
				);
				GCC_PRECOMPILE_PREFIX_HEADER = YES;
				GCC_PREFIX_HEADER = "PDFDownloadAndRead/PDFDownloadAndRead-Prefix.pch";
				INFOPLIST_FILE = "PDFDownloadAndReadTests/PDFDownloadAndReadTests-Info.plist";
				PRODUCT_NAME = "$(TARGET_NAME)";
				TEST_HOST = "$(BUNDLE_LOADER)";
				WRAPPER_EXTENSION = xctest;
			};
			name = Release;
		};
/* End XCBuildConfiguration section */

/* Begin XCConfigurationList section */
		FAA959D419591DCC00EA3150 /* Build configuration list for PBXProject "PDFDownloadAndRead" */ = {
			isa = XCConfigurationList;
			buildConfigurations = (
				FAA95A0319591DCD00EA3150 /* Debug */,
				FAA95A0419591DCD00EA3150 /* Release */,
			);
			defaultConfigurationIsVisible = 0;
			defaultConfigurationName = Release;
		};
		FAA95A0519591DCD00EA3150 /* Build configuration list for PBXNativeTarget "PDFDownloadAndRead" */ = {
			isa = XCConfigurationList;
			buildConfigurations = (
				FAA95A0619591DCD00EA3150 /* Debug */,
				FAA95A0719591DCD00EA3150 /* Release */,
			);
			defaultConfigurationIsVisible = 0;
		};
		FAA95A0819591DCD00EA3150 /* Build configuration list for PBXNativeTarget "PDFDownloadAndReadTests" */ = {
			isa = XCConfigurationList;
			buildConfigurations = (
				FAA95A0919591DCD00EA3150 /* Debug */,
				FAA95A0A19591DCD00EA3150 /* Release */,
			);
			defaultConfigurationIsVisible = 0;
		};
/* End XCConfigurationList section */
	};
	rootObject = FAA959D119591DCC00EA3150 /* Project object */;
}
